
Microsoft Visual Studio Solution File, Format Version 12.00
Project("{FAE04EC0-301F-11D3-BF4B-00C04F79EFBC}") = "BestHTTPDemoAPI", "BestHTTPDemoAPI\BestHTTPDemoAPI.csproj", "{209DEE64-317F-4568-BD14-E25D7BF1D832}"
EndProject
Global
	GlobalSection(SolutionConfigurationPlatforms) = preSolution
		Debug|Any CPU = Debug|Any CPU
		Release|Any CPU = Release|Any CPU
	EndGlobalSection
	GlobalSection(ProjectConfigurationPlatforms) = postSolution
		{209DEE64-317F-4568-BD14-E25D7BF1D832}.Debug|Any CPU.ActiveCfg = Debug|Any CPU
		{209DEE64-317F-4568-BD14-E25D7BF1D832}.Debug|Any CPU.Build.0 = Debug|Any CPU
		{209DEE64-317F-4568-BD14-E25D7BF1D832}.Release|Any CPU.ActiveCfg = Release|Any CPU
		{209DEE64-317F-4568-BD14-E25D7BF1D832}.Release|Any CPU.Build.0 = Release|Any CPU
	EndGlobalSection
EndGlobal
